
Microsoft Visual Studio Solution File, Format Version 12.00
# Visual Studio Version 17
VisualStudioVersion = 17.2.32516.85
MinimumVisualStudioVersion = 10.0.40219.1
Project("{9A19103F-16F7-4668-BE54-9A1E7A4F7556}") = "DevAmbev.Api", "DevAmbev.Api\DevAmbev.Api.csproj", "{36ECFE6E-C123-4142-84A2-DFC2FA235BAF}"
EndProject
Project("{9A19103F-16F7-4668-BE54-9A1E7A4F7556}") = "DevAmbev.Infra", "DevAmbev.Infra\DevAmbev.Infra.csproj", "{4AD11160-D09D-4B64-BA21-55E274CCB4E2}"
EndProject
Project("{9A19103F-16F7-4668-BE54-9A1E7A4F7556}") = "DevAmbev.Core", "DevAmbev.Core\DevAmbev.Core.csproj", "{96E6E407-EA75-40D9-8B31-53603DB6C2EC}"
EndProject
Project("{9A19103F-16F7-4668-BE54-9A1E7A4F7556}") = "DevAmbev.Test", "DevAmbev.Test\DevAmbev.Test.csproj", "{68FFCAB4-D145-4957-A5BA-56D7691BFDCA}"
EndProject
Project("{9A19103F-16F7-4668-BE54-9A1E7A4F7556}") = "DevAmbev.Domain", "DevAmbev.Domain\DevAmbev.Domain.csproj", "{CE7FE880-366C-43C0-B1AA-168F7AB243B7}"
EndProject
Project("{2150E333-8FDC-42A3-9474-1A3956D46DE8}") = "Itens de Solução", "Itens de Solução", "{6C4C828E-EF9A-4130-B810-B79B2F1828B1}"
	ProjectSection(SolutionItems) = preProject
		Dockerfile = Dockerfile
	EndProjectSection
EndProject
Global
	GlobalSection(SolutionConfigurationPlatforms) = preSolution
		Debug|Any CPU = Debug|Any CPU
		Release|Any CPU = Release|Any CPU
	EndGlobalSection
	GlobalSection(ProjectConfigurationPlatforms) = postSolution
		{36ECFE6E-C123-4142-84A2-DFC2FA235BAF}.Debug|Any CPU.ActiveCfg = Debug|Any CPU
		{36ECFE6E-C123-4142-84A2-DFC2FA235BAF}.Debug|Any CPU.Build.0 = Debug|Any CPU
		{36ECFE6E-C123-4142-84A2-DFC2FA235BAF}.Release|Any CPU.ActiveCfg = Release|Any CPU
		{36ECFE6E-C123-4142-84A2-DFC2FA235BAF}.Release|Any CPU.Build.0 = Release|Any CPU
		{4AD11160-D09D-4B64-BA21-55E274CCB4E2}.Debug|Any CPU.ActiveCfg = Debug|Any CPU
		{4AD11160-D09D-4B64-BA21-55E274CCB4E2}.Debug|Any CPU.Build.0 = Debug|Any CPU
		{4AD11160-D09D-4B64-BA21-55E274CCB4E2}.Release|Any CPU.ActiveCfg = Release|Any CPU
		{4AD11160-D09D-4B64-BA21-55E274CCB4E2}.Release|Any CPU.Build.0 = Release|Any CPU
		{96E6E407-EA75-40D9-8B31-53603DB6C2EC}.Debug|Any CPU.ActiveCfg = Debug|Any CPU
		{96E6E407-EA75-40D9-8B31-53603DB6C2EC}.Debug|Any CPU.Build.0 = Debug|Any CPU
		{96E6E407-EA75-40D9-8B31-53603DB6C2EC}.Release|Any CPU.ActiveCfg = Release|Any CPU
		{96E6E407-EA75-40D9-8B31-53603DB6C2EC}.Release|Any CPU.Build.0 = Release|Any CPU
		{68FFCAB4-D145-4957-A5BA-56D7691BFDCA}.Debug|Any CPU.ActiveCfg = Debug|Any CPU
		{68FFCAB4-D145-4957-A5BA-56D7691BFDCA}.Debug|Any CPU.Build.0 = Debug|Any CPU
		{68FFCAB4-D145-4957-A5BA-56D7691BFDCA}.Release|Any CPU.ActiveCfg = Release|Any CPU
		{68FFCAB4-D145-4957-A5BA-56D7691BFDCA}.Release|Any CPU.Build.0 = Release|Any CPU
		{CE7FE880-366C-43C0-B1AA-168F7AB243B7}.Debug|Any CPU.ActiveCfg = Debug|Any CPU
		{CE7FE880-366C-43C0-B1AA-168F7AB243B7}.Debug|Any CPU.Build.0 = Debug|Any CPU
		{CE7FE880-366C-43C0-B1AA-168F7AB243B7}.Release|Any CPU.ActiveCfg = Release|Any CPU
		{CE7FE880-366C-43C0-B1AA-168F7AB243B7}.Release|Any CPU.Build.0 = Release|Any CPU
	EndGlobalSection
	GlobalSection(SolutionProperties) = preSolution
		HideSolutionNode = FALSE
	EndGlobalSection
	GlobalSection(ExtensibilityGlobals) = postSolution
		SolutionGuid = {3637F407-A0DB-4FA0-AEA7-58E7F287425D}
	EndGlobalSection
EndGlobal
